// !$*UTF8*$!
{
	archiveVersion = 1;
	classes = {
	};
	objectVersion = 46;
	objects = {

/* Begin PBXBuildFile section */
		1F83E2FF1DD3DE3F000A364A /* AppDelegate.swift in Sources */ = {isa = PBXBuildFile; fileRef = 1F83E2FE1DD3DE3F000A364A /* AppDelegate.swift */; };
		1F83E3041DD3DE3F000A364A /* Main.storyboard in Resources */ = {isa = PBXBuildFile; fileRef = 1F83E3021DD3DE3F000A364A /* Main.storyboard */; };
		1F83E3061DD3DE3F000A364A /* Assets.xcassets in Resources */ = {isa = PBXBuildFile; fileRef = 1F83E3051DD3DE3F000A364A /* Assets.xcassets */; };
		1F83E3091DD3DE3F000A364A /* LaunchScreen.storyboard in Resources */ = {isa = PBXBuildFile; fileRef = 1F83E3071DD3DE3F000A364A /* LaunchScreen.storyboard */; };
		1F83E3141DD3DE3F000A364A /* PrimeNumbersTests.swift in Sources */ = {isa = PBXBuildFile; fileRef = 1F83E3131DD3DE3F000A364A /* PrimeNumbersTests.swift */; };
		1F83E31F1DD40F35000A364A /* PrimeNumber.swift in Sources */ = {isa = PBXBuildFile; fileRef = 1F83E31E1DD40F35000A364A /* PrimeNumber.swift */; };
/* End PBXBuildFile section */

/* Begin PBXContainerItemProxy section */
		1F83E3101DD3DE3F000A364A /* PBXContainerItemProxy */ = {
			isa = PBXContainerItemProxy;
			containerPortal = 1F83E2F31DD3DE3F000A364A /* Project object */;
			proxyType = 1;
			remoteGlobalIDString = 1F83E2FA1DD3DE3F000A364A;
			remoteInfo = PrimeNumbers;
		};
/* End PBXContainerItemProxy section */

/* Begin PBXFileReference section */
		1F83E2FB1DD3DE3F000A364A /* PrimeNumbers.app */ = {isa = PBXFileReference; explicitFileType = wrapper.application; includeInIndex = 0; path = PrimeNumbers.app; sourceTree = BUILT_PRODUCTS_DIR; };
		1F83E2FE1DD3DE3F000A364A /* AppDelegate.swift */ = {isa = PBXFileReference; lastKnownFileType = sourcecode.swift; path = AppDelegate.swift; sourceTree = "<group>"; };
		1F83E3031DD3DE3F000A364A /* Base */ = {isa = PBXFileReference; lastKnownFileType = file.storyboard; name = Base; path = Base.lproj/Main.storyboard; sourceTree = "<group>"; };
		1F83E3051DD3DE3F000A364A /* Assets.xcassets */ = {isa = PBXFileReference; lastKnownFileType = folder.assetcatalog; path = Assets.xcassets; sourceTree = "<group>"; };
		1F83E3081DD3DE3F000A364A /* Base */ = {isa = PBXFileReference; lastKnownFileType = file.storyboard; name = Base; path = Base.lproj/LaunchScreen.storyboard; sourceTree = "<group>"; };
		1F83E30A1DD3DE3F000A364A /* Info.plist */ = {isa = PBXFileReference; lastKnownFileType = text.plist.xml; path = Info.plist; sourceTree = "<group>"; };
		1F83E30F1DD3DE3F000A364A /* PrimeNumbersTests.xctest */ = {isa = PBXFileReference; explicitFileType = wrapper.cfbundle; includeInIndex = 0; path = PrimeNumbersTests.xctest; sourceTree = BUILT_PRODUCTS_DIR; };
		1F83E3131DD3DE3F000A364A /* PrimeNumbersTests.swift */ = {isa = PBXFileReference; lastKnownFileType = sourcecode.swift; path = PrimeNumbersTests.swift; sourceTree = "<group>"; };
		1F83E3151DD3DE3F000A364A /* Info.plist */ = {isa = PBXFileReference; lastKnownFileType = text.plist.xml; path = Info.plist; sourceTree = "<group>"; };
		1F83E31E1DD40F35000A364A /* PrimeNumber.swift */ = {isa = PBXFileReference; fileEncoding = 4; lastKnownFileType = sourcecode.swift; name = PrimeNumber.swift; path = PrimeNumbers/PrimeNumber.swift; sourceTree = "<group>"; };
/* End PBXFileReference section */

/* Begin PBXFrameworksBuildPhase section */
		1F83E2F81DD3DE3F000A364A /* Frameworks */ = {
			isa = PBXFrameworksBuildPhase;
			buildActionMask = 2147483647;
			files = (
			);
			runOnlyForDeploymentPostprocessing = 0;
		};
		1F83E30C1DD3DE3F000A364A /* Frameworks */ = {
			isa = PBXFrameworksBuildPhase;
			buildActionMask = 2147483647;
			files = (
			);
			runOnlyForDeploymentPostprocessing = 0;
		};
/* End PBXFrameworksBuildPhase section */

/* Begin PBXGroup section */
		1F83E2F21DD3DE3F000A364A = {
			isa = PBXGroup;
			children = (
				1F83E3651DD4FA8C000A364A /* Controllers */,
				1F83E2FD1DD3DE3F000A364A /* PrimeNumbers */,
				1F83E3121DD3DE3F000A364A /* PrimeNumbersTests */,
				1F83E2FC1DD3DE3F000A364A /* Products */,
			);
			sourceTree = "<group>";
		};
		1F83E2FC1DD3DE3F000A364A /* Products */ = {
			isa = PBXGroup;
			children = (
				1F83E2FB1DD3DE3F000A364A /* PrimeNumbers.app */,
				1F83E30F1DD3DE3F000A364A /* PrimeNumbersTests.xctest */,
			);
			name = Products;
			sourceTree = "<group>";
		};
		1F83E2FD1DD3DE3F000A364A /* PrimeNumbers */ = {
			isa = PBXGroup;
			children = (
				1F83E3021DD3DE3F000A364A /* Main.storyboard */,
				1F83E2FE1DD3DE3F000A364A /* AppDelegate.swift */,
				1F83E3051DD3DE3F000A364A /* Assets.xcassets */,
				1F83E3071DD3DE3F000A364A /* LaunchScreen.storyboard */,
				1F83E30A1DD3DE3F000A364A /* Info.plist */,
			);
			path = PrimeNumbers;
			sourceTree = "<group>";
		};
		1F83E3121DD3DE3F000A364A /* PrimeNumbersTests */ = {
			isa = PBXGroup;
			children = (
				1F83E3131DD3DE3F000A364A /* PrimeNumbersTests.swift */,
				1F83E3151DD3DE3F000A364A /* Info.plist */,
			);
			path = PrimeNumbersTests;
			sourceTree = "<group>";
		};
		1F83E3651DD4FA8C000A364A /* Controllers */ = {
			isa = PBXGroup;
			children = (
				1F83E31E1DD40F35000A364A /* PrimeNumber.swift */,
			);
			name = Controllers;
			sourceTree = "<group>";
		};
/* End PBXGroup section */

/* Begin PBXNativeTarget section */
		1F83E2FA1DD3DE3F000A364A /* PrimeNumbers */ = {
			isa = PBXNativeTarget;
			buildConfigurationList = 1F83E3181DD3DE3F000A364A /* Build configuration list for PBXNativeTarget "PrimeNumbers" */;
			buildPhases = (
				1F83E2F71DD3DE3F000A364A /* Sources */,
				1F83E2F81DD3DE3F000A364A /* Frameworks */,
				1F83E2F91DD3DE3F000A364A /* Resources */,
			);
			buildRules = (
			);
			dependencies = (
			);
			name = PrimeNumbers;
			productName = PrimeNumbers;
			productReference = 1F83E2FB1DD3DE3F000A364A /* PrimeNumbers.app */;
			productType = "com.apple.product-type.application";
		};
		1F83E30E1DD3DE3F000A364A /* PrimeNumbersTests */ = {
			isa = PBXNativeTarget;
			buildConfigurationList = 1F83E31B1DD3DE3F000A364A /* Build configuration list for PBXNativeTarget "PrimeNumbersTests" */;
			buildPhases = (
				1F83E30B1DD3DE3F000A364A /* Sources */,
				1F83E30C1DD3DE3F000A364A /* Frameworks */,
				1F83E30D1DD3DE3F000A364A /* Resources */,
			);
			buildRules = (
			);
			dependencies = (
				1F83E3111DD3DE3F000A364A /* PBXTargetDependency */,
			);
			name = PrimeNumbersTests;
			productName = PrimeNumbersTests;
			productReference = 1F83E30F1DD3DE3F000A364A /* PrimeNumbersTests.xctest */;
			productType = "com.apple.product-type.bundle.unit-test";
		};
/* End PBXNativeTarget section */

/* Begin PBXProject section */
		1F83E2F31DD3DE3F000A364A /* Project object */ = {
			isa = PBXProject;
			attributes = {
				LastSwiftUpdateCheck = 0810;
				LastUpgradeCheck = 0810;
				ORGANIZATIONNAME = geeoku;
				TargetAttributes = {
					1F83E2FA1DD3DE3F000A364A = {
						CreatedOnToolsVersion = 8.1;
						DevelopmentTeam = 7E646DTM59;
						ProvisioningStyle = Automatic;
					};
					1F83E30E1DD3DE3F000A364A = {
						CreatedOnToolsVersion = 8.1;
						DevelopmentTeam = 7E646DTM59;
						ProvisioningStyle = Automatic;
						TestTargetID = 1F83E2FA1DD3DE3F000A364A;
					};
				};
			};
			buildConfigurationList = 1F83E2F61DD3DE3F000A364A /* Build configuration list for PBXProject "PrimeNumbers" */;
			compatibilityVersion = "Xcode 3.2";
			developmentRegion = English;
			hasScannedForEncodings = 0;
			knownRegions = (
				en,
				Base,
			);
			mainGroup = 1F83E2F21DD3DE3F000A364A;
			productRefGroup = 1F83E2FC1DD3DE3F000A364A /* Products */;
			projectDirPath = "";
			projectRoot = "";
			targets = (
				1F83E2FA1DD3DE3F000A364A /* PrimeNumbers */,
				1F83E30E1DD3DE3F000A364A /* PrimeNumbersTests */,
			);
		};
/* End PBXProject section */

/* Begin PBXResourcesBuildPhase section */
		1F83E2F91DD3DE3F000A364A /* Resources */ = {
			isa = PBXResourcesBuildPhase;
			buildActionMask = 2147483647;
			files = (
				1F83E3091DD3DE3F000A364A /* LaunchScreen.storyboard in Resources */,
				1F83E3061DD3DE3F000A364A /* Assets.xcassets in Resources */,
				1F83E3041DD3DE3F000A364A /* Main.storyboard in Resources */,
			);
			runOnlyForDeploymentPostprocessing = 0;
		};
		1F83E30D1DD3DE3F000A364A /* Resources */ = {
			isa = PBXResourcesBuildPhase;
			buildActionMask = 2147483647;
			files = (
			);
			runOnlyForDeploymentPostprocessing = 0;
		};
/* End PBXResourcesBuildPhase section */

/* Begin PBXSourcesBuildPhase section */
		1F83E2F71DD3DE3F000A364A /* Sources */ = {
			isa = PBXSourcesBuildPhase;
			buildActionMask = 2147483647;
			files = (
				1F83E31F1DD40F35000A364A /* PrimeNumber.swift in Sources */,
				1F83E2FF1DD3DE3F000A364A /* AppDelegate.swift in Sources */,
			);
			runOnlyForDeploymentPostprocessing = 0;
		};
		1F83E30B1DD3DE3F000A364A /* Sources */ = {
			isa = PBXSourcesBuildPhase;
			buildActionMask = 2147483647;
			files = (
				1F83E3141DD3DE3F000A364A /* PrimeNumbersTests.swift in Sources */,
			);
			runOnlyForDeploymentPostprocessing = 0;
		};
/* End PBXSourcesBuildPhase section */

/* Begin PBXTargetDependency section */
		1F83E3111DD3DE3F000A364A /* PBXTargetDependency */ = {
			isa = PBXTargetDependency;
			target = 1F83E2FA1DD3DE3F000A364A /* PrimeNumbers */;
			targetProxy = 1F83E3101DD3DE3F000A364A /* PBXContainerItemProxy */;
		};
/* End PBXTargetDependency section */

/* Begin PBXVariantGroup section */
		1F83E3021DD3DE3F000A364A /* Main.storyboard */ = {
			isa = PBXVariantGroup;
			children = (
				1F83E3031DD3DE3F000A364A /* Base */,
			);
			name = Main.storyboard;
			sourceTree = "<group>";
		};
		1F83E3071DD3DE3F000A364A /* LaunchScreen.storyboard */ = {
			isa = PBXVariantGroup;
			children = (
				1F83E3081DD3DE3F000A364A /* Base */,
			);
			name = LaunchScreen.storyboard;
			sourceTree = "<group>";
		};
/* End PBXVariantGroup section */

/* Begin XCBuildConfiguration section */
		1F83E3161DD3DE3F000A364A /* Debug */ = {
			isa = XCBuildConfiguration;
			buildSettings = {
				ALWAYS_SEARCH_USER_PATHS = NO;
				CLANG_ANALYZER_NONNULL = YES;
				CLANG_CXX_LANGUAGE_STANDARD = "gnu++0x";
				CLANG_CXX_LIBRARY = "libc++";
				CLANG_ENABLE_MODULES = YES;
				CLANG_ENABLE_OBJC_ARC = YES;
				CLANG_WARN_BOOL_CONVERSION = YES;
				CLANG_WARN_CONSTANT_CONVERSION = YES;
				CLANG_WARN_DIRECT_OBJC_ISA_USAGE = YES_ERROR;
				CLANG_WARN_DOCUMENTATION_COMMENTS = YES;
				CLANG_WARN_EMPTY_BODY = YES;
				CLANG_WARN_ENUM_CONVERSION = YES;
				CLANG_WARN_INFINITE_RECURSION = YES;
				CLANG_WARN_INT_CONVERSION = YES;
				CLANG_WARN_OBJC_ROOT_CLASS = YES_ERROR;
				CLANG_WARN_SUSPICIOUS_MOVES = YES;
				CLANG_WARN_UNREACHABLE_CODE = YES;
				CLANG_WARN__DUPLICATE_METHOD_MATCH = YES;
				"CODE_SIGN_IDENTITY[sdk=iphoneos*]" = "iPhone Developer";
				COPY_PHASE_STRIP = NO;
				DEBUG_INFORMATION_FORMAT = dwarf;
				ENABLE_STRICT_OBJC_MSGSEND = YES;
				ENABLE_TESTABILITY = YES;
				GCC_C_LANGUAGE_STANDARD = gnu99;
				GCC_DYNAMIC_NO_PIC = NO;
				GCC_NO_COMMON_BLOCKS = YES;
				GCC_OPTIMIZATION_LEVEL = 0;
				GCC_PREPROCESSOR_DEFINITIONS = (
					"DEBUG=1",
					"$(inherited)",
				);
				GCC_WARN_64_TO_32_BIT_CONVERSION = YES;
				GCC_WARN_ABOUT_RETURN_TYPE = YES_ERROR;
				GCC_WARN_UNDECLARED_SELECTOR = YES;
				GCC_WARN_UNINITIALIZED_AUTOS = YES_AGGRESSIVE;
				GCC_WARN_UNUSED_FUNCTION = YES;
				GCC_WARN_UNUSED_VARIABLE = YES;
				IPHONEOS_DEPLOYMENT_TARGET = 10.1;
				MTL_ENABLE_DEBUG_INFO = YES;
				ONLY_ACTIVE_ARCH = YES;
				SDKROOT = iphoneos;
				SWIFT_ACTIVE_COMPILATION_CONDITIONS = DEBUG;
				SWIFT_OPTIMIZATION_LEVEL = "-Onone";
				TARGETED_DEVICE_FAMILY = "1,2";
			};
			name = Debug;
		};
		1F83E3171DD3DE3F000A364A /* Release */ = {
			isa = XCBuildConfiguration;
			buildSettings = {
				ALWAYS_SEARCH_USER_PATHS = NO;
				CLANG_ANALYZER_NONNULL = YES;
				CLANG_CXX_LANGUAGE_STANDARD = "gnu++0x";
				CLANG_CXX_LIBRARY = "libc++";
				CLANG_ENABLE_MODULES = YES;
				CLANG_ENABLE_OBJC_ARC = YES;
				CLANG_WARN_BOOL_CONVERSION = YES;
				CLANG_WARN_CONSTANT_CONVERSION = YES;
				CLANG_WARN_DIRECT_OBJC_ISA_USAGE = YES_ERROR;
				CLANG_WARN_DOCUMENTATION_COMMENTS = YES;
				CLANG_WARN_EMPTY_BODY = YES;
				CLANG_WARN_ENUM_CONVERSION = YES;
				CLANG_WARN_INFINITE_RECURSION = YES;
				CLANG_WARN_INT_CONVERSION = YES;
				CLANG_WARN_OBJC_ROOT_CLASS = YES_ERROR;
				CLANG_WARN_SUSPICIOUS_MOVES = YES;
				CLANG_WARN_UNREACHABLE_CODE = YES;
				CLANG_WARN__DUPLICATE_METHOD_MATCH = YES;
				"CODE_SIGN_IDENTITY[sdk=iphoneos*]" = "iPhone Developer";
				COPY_PHASE_STRIP = NO;
				DEBUG_INFORMATION_FORMAT = "dwarf-with-dsym";
				ENABLE_NS_ASSERTIONS = NO;
				ENABLE_STRICT_OBJC_MSGSEND = YES;
				GCC_C_LANGUAGE_STANDARD = gnu99;
				GCC_NO_COMMON_BLOCKS = YES;
				GCC_WARN_64_TO_32_BIT_CONVERSION = YES;
				GCC_WARN_ABOUT_RETURN_TYPE = YES_ERROR;
				GCC_WARN_UNDECLARED_SELECTOR = YES;
				GCC_WARN_UNINITIALIZED_AUTOS = YES_AGGRESSIVE;
				GCC_WARN_UNUSED_FUNCTION = YES;
				GCC_WARN_UNUSED_VARIABLE = YES;
				IPHONEOS_DEPLOYMENT_TARGET = 10.1;
				MTL_ENABLE_DEBUG_INFO = NO;
				SDKROOT = iphoneos;
				SWIFT_OPTIMIZATION_LEVEL = "-Owholemodule";
				TARGETED_DEVICE_FAMILY = "1,2";
				VALIDATE_PRODUCT = YES;
			};
			name = Release;
		};
		1F83E3191DD3DE3F000A364A /* Debug */ = {
			isa = XCBuildConfiguration;
			buildSettings = {
				ASSETCATALOG_COMPILER_APPICON_NAME = AppIcon;
				DEVELOPMENT_TEAM = 7E646DTM59;
				INFOPLIST_FILE = PrimeNumbers/Info.plist;
				LD_RUNPATH_SEARCH_PATHS = "$(inherited) @executable_path/Frameworks";
				PRODUCT_BUNDLE_IDENTIFIER = com.geeoku.PrimeNumbers;
				PRODUCT_NAME = "$(TARGET_NAME)";
				SWIFT_VERSION = 3.0;
			};
			name = Debug;
		};
		1F83E31A1DD3DE3F000A364A /* Release */ = {
			isa = XCBuildConfiguration;
			buildSettings = {
				ASSETCATALOG_COMPILER_APPICON_NAME = AppIcon;
				DEVELOPMENT_TEAM = 7E646DTM59;
				INFOPLIST_FILE = PrimeNumbers/Info.plist;
				LD_RUNPATH_SEARCH_PATHS = "$(inherited) @executable_path/Frameworks";
				PRODUCT_BUNDLE_IDENTIFIER = com.geeoku.PrimeNumbers;
				PRODUCT_NAME = "$(TARGET_NAME)";
				SWIFT_VERSION = 3.0;
			};
			name = Release;
		};
		1F83E31C1DD3DE3F000A364A /* Debug */ = {
			isa = XCBuildConfiguration;
			buildSettings = {
				ALWAYS_EMBED_SWIFT_STANDARD_LIBRARIES = YES;
				BUNDLE_LOADER = "$(TEST_HOST)";
				DEVELOPMENT_TEAM = 7E646DTM59;
				INFOPLIST_FILE = PrimeNumbersTests/Info.plist;
				LD_RUNPATH_SEARCH_PATHS = "$(inherited) @executable_path/Frameworks @loader_path/Frameworks";
				PRODUCT_BUNDLE_IDENTIFIER = com.geeoku.PrimeNumbersTests;
				PRODUCT_NAME = "$(TARGET_NAME)";
				SWIFT_VERSION = 3.0;
				TEST_HOST = "$(BUILT_PRODUCTS_DIR)/PrimeNumbers.app/PrimeNumbers";
			};
			name = Debug;
		};
		1F83E31D1DD3DE3F000A364A /* Release */ = {
			isa = XCBuildConfiguration;
			buildSettings = {
				ALWAYS_EMBED_SWIFT_STANDARD_LIBRARIES = YES;
				BUNDLE_LOADER = "$(TEST_HOST)";
				DEVELOPMENT_TEAM = 7E646DTM59;
				INFOPLIST_FILE = PrimeNumbersTests/Info.plist;
				LD_RUNPATH_SEARCH_PATHS = "$(inherited) @executable_path/Frameworks @loader_path/Frameworks";
				PRODUCT_BUNDLE_IDENTIFIER = com.geeoku.PrimeNumbersTests;
				PRODUCT_NAME = "$(TARGET_NAME)";
				SWIFT_VERSION = 3.0;
				TEST_HOST = "$(BUILT_PRODUCTS_DIR)/PrimeNumbers.app/PrimeNumbers";
			};
			name = Release;
		};
/* End XCBuildConfiguration section */

/* Begin XCConfigurationList section */
		1F83E2F61DD3DE3F000A364A /* Build configuration list for PBXProject "PrimeNumbers" */ = {
			isa = XCConfigurationList;
			buildConfigurations = (
				1F83E3161DD3DE3F000A364A /* Debug */,
				1F83E3171DD3DE3F000A364A /* Release */,
			);
			defaultConfigurationIsVisible = 0;
			defaultConfigurationName = Release;
		};
		1F83E3181DD3DE3F000A364A /* Build configuration list for PBXNativeTarget "PrimeNumbers" */ = {
			isa = XCConfigurationList;
			buildConfigurations = (
				1F83E3191DD3DE3F000A364A /* Debug */,
				1F83E31A1DD3DE3F000A364A /* Release */,
			);
			defaultConfigurationIsVisible = 0;
		};
		1F83E31B1DD3DE3F000A364A /* Build configuration list for PBXNativeTarget "PrimeNumbersTests" */ = {
			isa = XCConfigurationList;
			buildConfigurations = (
				1F83E31C1DD3DE3F000A364A /* Debug */,
				1F83E31D1DD3DE3F000A364A /* Release */,
			);
			defaultConfigurationIsVisible = 0;
		};
/* End XCConfigurationList section */
	};
	rootObject = 1F83E2F31DD3DE3F000A364A /* Project object */;
}
